
Microsoft Visual Studio Solution File, Format Version 12.00
# Visual Studio Version 17
VisualStudioVersion = 17.9.34902.65
MinimumVisualStudioVersion = 10.0.40219.1
Project("{FAE04EC0-301F-11D3-BF4B-00C04F79EFBC}") = "OperacionesMatematicas", "OperacionesMatematicas\OperacionesMatematicas.csproj", "{4BEAE73D-2721-482D-A230-633CF42C70AA}"
EndProject
Global
	GlobalSection(SolutionConfigurationPlatforms) = preSolution
		Debug|Any CPU = Debug|Any CPU
		Release|Any CPU = Release|Any CPU
	EndGlobalSection
	GlobalSection(ProjectConfigurationPlatforms) = postSolution
		{4BEAE73D-2721-482D-A230-633CF42C70AA}.Debug|Any CPU.ActiveCfg = Debug|Any CPU
		{4BEAE73D-2721-482D-A230-633CF42C70AA}.Debug|Any CPU.Build.0 = Debug|Any CPU
		{4BEAE73D-2721-482D-A230-633CF42C70AA}.Release|Any CPU.ActiveCfg = Release|Any CPU
		{4BEAE73D-2721-482D-A230-633CF42C70AA}.Release|Any CPU.Build.0 = Release|Any CPU
	EndGlobalSection
	GlobalSection(SolutionProperties) = preSolution
		HideSolutionNode = FALSE
	EndGlobalSection
	GlobalSection(ExtensibilityGlobals) = postSolution
		SolutionGuid = {AAB42172-1225-480C-A380-4D6F510E49C9}
	EndGlobalSection
EndGlobal
